
Microsoft Visual Studio Solution File, Format Version 12.00
# Visual Studio 15
VisualStudioVersion = 15.0.26730.3
MinimumVisualStudioVersion = 10.0.40219.1
Project("{FAE04EC0-301F-11D3-BF4B-00C04F79EFBC}") = "WebApplication6", "WebApplication6\WebApplication6.csproj", "{5E915DE5-AE59-4361-9B68-460349C1C67F}"
EndProject
Global
	GlobalSection(SolutionConfigurationPlatforms) = preSolution
		Debug|Any CPU = Debug|Any CPU
		Release|Any CPU = Release|Any CPU
	EndGlobalSection
	GlobalSection(ProjectConfigurationPlatforms) = postSolution
		{5E915DE5-AE59-4361-9B68-460349C1C67F}.Debug|Any CPU.ActiveCfg = Debug|Any CPU
		{5E915DE5-AE59-4361-9B68-460349C1C67F}.Debug|Any CPU.Build.0 = Debug|Any CPU
		{5E915DE5-AE59-4361-9B68-460349C1C67F}.Release|Any CPU.ActiveCfg = Release|Any CPU
		{5E915DE5-AE59-4361-9B68-460349C1C67F}.Release|Any CPU.Build.0 = Release|Any CPU
	EndGlobalSection
	GlobalSection(SolutionProperties) = preSolution
		HideSolutionNode = FALSE
	EndGlobalSection
	GlobalSection(ExtensibilityGlobals) = postSolution
		SolutionGuid = {BC1DEDE1-EA79-4953-BC47-601D5A6E5B1A}
	EndGlobalSection
EndGlobal
